// !$*UTF8*$!
{
	archiveVersion = 1;
	classes = {
	};
	objectVersion = 51;
	objects = {

/* Begin PBXBuildFile section */
		D6C325F6701DAE529B04C128 /* Pods_ReverseVideo.framework in Frameworks */ = {isa = PBXBuildFile; fileRef = EC6C48945BE83343D8B06E8C /* Pods_ReverseVideo.framework */; };
		FA03670025DED2DE0073704D /* Main.storyboard in Resources */ = {isa = PBXBuildFile; fileRef = FA39B55925D17CF900DB7D54 /* Main.storyboard */; };
		FA03671725DED3F20073704D /* CustomPickerView.swift in Sources */ = {isa = PBXBuildFile; fileRef = FA03671525DED3F10073704D /* CustomPickerView.swift */; };
		FA03671825DED3F20073704D /* ButtonView.swift in Sources */ = {isa = PBXBuildFile; fileRef = FA03671625DED3F10073704D /* ButtonView.swift */; };
		FA03671D25DED3F70073704D /* speedCollectionViewCell.xib in Resources */ = {isa = PBXBuildFile; fileRef = FA03671B25DED3F70073704D /* speedCollectionViewCell.xib */; };
		FA03671E25DED3F70073704D /* speedCollectionViewCell.swift in Sources */ = {isa = PBXBuildFile; fileRef = FA03671C25DED3F70073704D /* speedCollectionViewCell.swift */; };
		FA03672925DED4D90073704D /* VideoGenerator.swift in Sources */ = {isa = PBXBuildFile; fileRef = FA03672725DED4D80073704D /* VideoGenerator.swift */; };
		FA03672A25DED4D90073704D /* VideoGeneratorError.swift in Sources */ = {isa = PBXBuildFile; fileRef = FA03672825DED4D80073704D /* VideoGeneratorError.swift */; };
		FA03673225DED4E30073704D /* UIImage+Ext.swift in Sources */ = {isa = PBXBuildFile; fileRef = FA03672E25DED4E30073704D /* UIImage+Ext.swift */; };
		FA03673325DED4E30073704D /* UIColor+Ext.swift in Sources */ = {isa = PBXBuildFile; fileRef = FA03672F25DED4E30073704D /* UIColor+Ext.swift */; };
		FA03673425DED4E30073704D /* UIViewController+Ext.swift in Sources */ = {isa = PBXBuildFile; fileRef = FA03673025DED4E30073704D /* UIViewController+Ext.swift */; };
		FA03673525DED4E30073704D /* UIView+Ext.swift in Sources */ = {isa = PBXBuildFile; fileRef = FA03673125DED4E30073704D /* UIView+Ext.swift */; };
		FA29E8B62619A2AC001253F3 /* GoogleService-Info.plist in Resources */ = {isa = PBXBuildFile; fileRef = FA29E8B52619A2AC001253F3 /* GoogleService-Info.plist */; };
		FA2F87262602333F0006458C /* RVConstants.swift in Sources */ = {isa = PBXBuildFile; fileRef = FA2F87252602333F0006458C /* RVConstants.swift */; };
		FA3CD57425F8E0E900A3AF25 /* CircularButton.swift in Sources */ = {isa = PBXBuildFile; fileRef = FA3CD57325F8E0E900A3AF25 /* CircularButton.swift */; };
		FA3CD58825FBD85B00A3AF25 /* RVAlertViewController.swift in Sources */ = {isa = PBXBuildFile; fileRef = FA3CD58725FBD85B00A3AF25 /* RVAlertViewController.swift */; };
		FA3CD58C25FCEF6F00A3AF25 /* ActivityIndicatorManager.swift in Sources */ = {isa = PBXBuildFile; fileRef = FA3CD58B25FCEF6F00A3AF25 /* ActivityIndicatorManager.swift */; };
		FA4D938325DED85F009F1127 /* Assets.xcassets in Resources */ = {isa = PBXBuildFile; fileRef = FA4D937E25DED85F009F1127 /* Assets.xcassets */; };
		FA4D938525DED85F009F1127 /* AppDelegate.swift in Sources */ = {isa = PBXBuildFile; fileRef = FA4D938125DED85F009F1127 /* AppDelegate.swift */; };
		FA4D938625DED85F009F1127 /* SceneDelegate.swift in Sources */ = {isa = PBXBuildFile; fileRef = FA4D938225DED85F009F1127 /* SceneDelegate.swift */; };
		FA4D939625DED96E009F1127 /* HomeViewController.swift in Sources */ = {isa = PBXBuildFile; fileRef = FA4D939425DED96E009F1127 /* HomeViewController.swift */; };
		FA4D939725DED96E009F1127 /* EditorViewController.swift in Sources */ = {isa = PBXBuildFile; fileRef = FA4D939525DED96E009F1127 /* EditorViewController.swift */; };
		FA6257C2260E37E100BC4B31 /* LaunchScreen.storyboard in Resources */ = {isa = PBXBuildFile; fileRef = FA4D937F25DED85F009F1127 /* LaunchScreen.storyboard */; };
/* End PBXBuildFile section */

/* Begin PBXFileReference section */
		24600ECFDF8AB72BD1FC95D0 /* Pods-ReverseVideo.release.xcconfig */ = {isa = PBXFileReference; includeInIndex = 1; lastKnownFileType = text.xcconfig; name = "Pods-ReverseVideo.release.xcconfig"; path = "Target Support Files/Pods-ReverseVideo/Pods-ReverseVideo.release.xcconfig"; sourceTree = "<group>"; };
		E69DD3AD646F6268AF21110F /* Pods-ReverseVideo.debug.xcconfig */ = {isa = PBXFileReference; includeInIndex = 1; lastKnownFileType = text.xcconfig; name = "Pods-ReverseVideo.debug.xcconfig"; path = "Target Support Files/Pods-ReverseVideo/Pods-ReverseVideo.debug.xcconfig"; sourceTree = "<group>"; };
		EC6C48945BE83343D8B06E8C /* Pods_ReverseVideo.framework */ = {isa = PBXFileReference; explicitFileType = wrapper.framework; includeInIndex = 0; path = Pods_ReverseVideo.framework; sourceTree = BUILT_PRODUCTS_DIR; };
		FA03671525DED3F10073704D /* CustomPickerView.swift */ = {isa = PBXFileReference; fileEncoding = 4; lastKnownFileType = sourcecode.swift; path = CustomPickerView.swift; sourceTree = "<group>"; };
		FA03671625DED3F10073704D /* ButtonView.swift */ = {isa = PBXFileReference; fileEncoding = 4; lastKnownFileType = sourcecode.swift; path = ButtonView.swift; sourceTree = "<group>"; };
		FA03671B25DED3F70073704D /* speedCollectionViewCell.xib */ = {isa = PBXFileReference; fileEncoding = 4; lastKnownFileType = file.xib; path = speedCollectionViewCell.xib; sourceTree = "<group>"; };
		FA03671C25DED3F70073704D /* speedCollectionViewCell.swift */ = {isa = PBXFileReference; fileEncoding = 4; lastKnownFileType = sourcecode.swift; path = speedCollectionViewCell.swift; sourceTree = "<group>"; };
		FA03672725DED4D80073704D /* VideoGenerator.swift */ = {isa = PBXFileReference; fileEncoding = 4; lastKnownFileType = sourcecode.swift; path = VideoGenerator.swift; sourceTree = "<group>"; };
		FA03672825DED4D80073704D /* VideoGeneratorError.swift */ = {isa = PBXFileReference; fileEncoding = 4; lastKnownFileType = sourcecode.swift; path = VideoGeneratorError.swift; sourceTree = "<group>"; };
		FA03672E25DED4E30073704D /* UIImage+Ext.swift */ = {isa = PBXFileReference; fileEncoding = 4; lastKnownFileType = sourcecode.swift; path = "UIImage+Ext.swift"; sourceTree = "<group>"; };
		FA03672F25DED4E30073704D /* UIColor+Ext.swift */ = {isa = PBXFileReference; fileEncoding = 4; lastKnownFileType = sourcecode.swift; path = "UIColor+Ext.swift"; sourceTree = "<group>"; };
		FA03673025DED4E30073704D /* UIViewController+Ext.swift */ = {isa = PBXFileReference; fileEncoding = 4; lastKnownFileType = sourcecode.swift; path = "UIViewController+Ext.swift"; sourceTree = "<group>"; };
		FA03673125DED4E30073704D /* UIView+Ext.swift */ = {isa = PBXFileReference; fileEncoding = 4; lastKnownFileType = sourcecode.swift; path = "UIView+Ext.swift"; sourceTree = "<group>"; };
		FA29E8B52619A2AC001253F3 /* GoogleService-Info.plist */ = {isa = PBXFileReference; fileEncoding = 4; lastKnownFileType = text.plist.xml; path = "GoogleService-Info.plist"; sourceTree = "<group>"; };
		FA2F87252602333F0006458C /* RVConstants.swift */ = {isa = PBXFileReference; lastKnownFileType = sourcecode.swift; path = RVConstants.swift; sourceTree = "<group>"; };
		FA39B55025D17CF900DB7D54 /* ReverseVideo.app */ = {isa = PBXFileReference; explicitFileType = wrapper.application; includeInIndex = 0; path = ReverseVideo.app; sourceTree = BUILT_PRODUCTS_DIR; };
		FA39B55A25D17CF900DB7D54 /* Base */ = {isa = PBXFileReference; lastKnownFileType = file.storyboard; name = Base; path = Base.lproj/Main.storyboard; sourceTree = "<group>"; };
		FA39B56125D17CFD00DB7D54 /* Info.plist */ = {isa = PBXFileReference; lastKnownFileType = text.plist.xml; path = Info.plist; sourceTree = "<group>"; };
		FA3CD57325F8E0E900A3AF25 /* CircularButton.swift */ = {isa = PBXFileReference; lastKnownFileType = sourcecode.swift; path = CircularButton.swift; sourceTree = "<group>"; };
		FA3CD58725FBD85B00A3AF25 /* RVAlertViewController.swift */ = {isa = PBXFileReference; lastKnownFileType = sourcecode.swift; path = RVAlertViewController.swift; sourceTree = "<group>"; };
		FA3CD58B25FCEF6F00A3AF25 /* ActivityIndicatorManager.swift */ = {isa = PBXFileReference; lastKnownFileType = sourcecode.swift; path = ActivityIndicatorManager.swift; sourceTree = "<group>"; };
		FA4D937E25DED85F009F1127 /* Assets.xcassets */ = {isa = PBXFileReference; lastKnownFileType = folder.assetcatalog; path = Assets.xcassets; sourceTree = "<group>"; };
		FA4D938025DED85F009F1127 /* Base */ = {isa = PBXFileReference; lastKnownFileType = file.storyboard; name = Base; path = Base.lproj/LaunchScreen.storyboard; sourceTree = "<group>"; };
		FA4D938125DED85F009F1127 /* AppDelegate.swift */ = {isa = PBXFileReference; fileEncoding = 4; lastKnownFileType = sourcecode.swift; path = AppDelegate.swift; sourceTree = "<group>"; };
		FA4D938225DED85F009F1127 /* SceneDelegate.swift */ = {isa = PBXFileReference; fileEncoding = 4; lastKnownFileType = sourcecode.swift; path = SceneDelegate.swift; sourceTree = "<group>"; };
		FA4D939425DED96E009F1127 /* HomeViewController.swift */ = {isa = PBXFileReference; fileEncoding = 4; lastKnownFileType = sourcecode.swift; path = HomeViewController.swift; sourceTree = "<group>"; };
		FA4D939525DED96E009F1127 /* EditorViewController.swift */ = {isa = PBXFileReference; fileEncoding = 4; lastKnownFileType = sourcecode.swift; path = EditorViewController.swift; sourceTree = "<group>"; };
/* End PBXFileReference section */

/* Begin PBXFrameworksBuildPhase section */
		FA39B54D25D17CF900DB7D54 /* Frameworks */ = {
			isa = PBXFrameworksBuildPhase;
			buildActionMask = 2147483647;
			files = (
				D6C325F6701DAE529B04C128 /* Pods_ReverseVideo.framework in Frameworks */,
			);
			runOnlyForDeploymentPostprocessing = 0;
		};
/* End PBXFrameworksBuildPhase section */

/* Begin PBXGroup section */
		325DD9C767E3E94923E632C4 /* Pods */ = {
			isa = PBXGroup;
			children = (
				E69DD3AD646F6268AF21110F /* Pods-ReverseVideo.debug.xcconfig */,
				24600ECFDF8AB72BD1FC95D0 /* Pods-ReverseVideo.release.xcconfig */,
			);
			path = Pods;
			sourceTree = "<group>";
		};
		8F8F32FE4228997C2FF19478 /* Frameworks */ = {
			isa = PBXGroup;
			children = (
				EC6C48945BE83343D8B06E8C /* Pods_ReverseVideo.framework */,
			);
			name = Frameworks;
			sourceTree = "<group>";
		};
		FA03671425DED3F10073704D /* Custom Views */ = {
			isa = PBXGroup;
			children = (
				FA03671525DED3F10073704D /* CustomPickerView.swift */,
				FA03671625DED3F10073704D /* ButtonView.swift */,
				FA3CD57325F8E0E900A3AF25 /* CircularButton.swift */,
			);
			name = "Custom Views";
			path = "ReverseVideo/Views/Custom Views";
			sourceTree = SOURCE_ROOT;
		};
		FA03671A25DED3F70073704D /* Cells */ = {
			isa = PBXGroup;
			children = (
				FA03671B25DED3F70073704D /* speedCollectionViewCell.xib */,
				FA03671C25DED3F70073704D /* speedCollectionViewCell.swift */,
			);
			name = Cells;
			path = ReverseVideo/Views/Cells;
			sourceTree = SOURCE_ROOT;
		};
		FA03672625DED4D80073704D /* Utilities */ = {
			isa = PBXGroup;
			children = (
				FA03672725DED4D80073704D /* VideoGenerator.swift */,
				FA03672825DED4D80073704D /* VideoGeneratorError.swift */,
				FA3CD58B25FCEF6F00A3AF25 /* ActivityIndicatorManager.swift */,
				FA2F87252602333F0006458C /* RVConstants.swift */,
			);
			path = Utilities;
			sourceTree = "<group>";
		};
		FA03672D25DED4E30073704D /* Extentions */ = {
			isa = PBXGroup;
			children = (
				FA03672E25DED4E30073704D /* UIImage+Ext.swift */,
				FA03672F25DED4E30073704D /* UIColor+Ext.swift */,
				FA03673025DED4E30073704D /* UIViewController+Ext.swift */,
				FA03673125DED4E30073704D /* UIView+Ext.swift */,
			);
			path = Extentions;
			sourceTree = "<group>";
		};
		FA153A9625DEC6D7006856F4 /* Views */ = {
			isa = PBXGroup;
			children = (
				FA4D939325DED96E009F1127 /* ViewControllers */,
				FA03671A25DED3F70073704D /* Cells */,
				FA03671425DED3F10073704D /* Custom Views */,
			);
			name = Views;
			path = "../../../../Downloads/ReverseVideo-main/ReverseVideo/Views";
			sourceTree = "<group>";
		};
		FA39B54725D17CF900DB7D54 = {
			isa = PBXGroup;
			children = (
				FA39B55225D17CF900DB7D54 /* ReverseVideo */,
				FA39B55125D17CF900DB7D54 /* Products */,
				325DD9C767E3E94923E632C4 /* Pods */,
				8F8F32FE4228997C2FF19478 /* Frameworks */,
			);
			sourceTree = "<group>";
		};
		FA39B55125D17CF900DB7D54 /* Products */ = {
			isa = PBXGroup;
			children = (
				FA39B55025D17CF900DB7D54 /* ReverseVideo.app */,
			);
			name = Products;
			sourceTree = "<group>";
		};
		FA39B55225D17CF900DB7D54 /* ReverseVideo */ = {
			isa = PBXGroup;
			children = (
				FA4D937D25DED85F009F1127 /* Support */,
				FA03672D25DED4E30073704D /* Extentions */,
				FA03672625DED4D80073704D /* Utilities */,
				FA153A9625DEC6D7006856F4 /* Views */,
				FA39B55925D17CF900DB7D54 /* Main.storyboard */,
				FA39B56125D17CFD00DB7D54 /* Info.plist */,
			);
			path = ReverseVideo;
			sourceTree = "<group>";
		};
		FA4D937D25DED85F009F1127 /* Support */ = {
			isa = PBXGroup;
			children = (
				FA4D937E25DED85F009F1127 /* Assets.xcassets */,
				FA4D937F25DED85F009F1127 /* LaunchScreen.storyboard */,
				FA29E8B52619A2AC001253F3 /* GoogleService-Info.plist */,
				FA4D938125DED85F009F1127 /* AppDelegate.swift */,
				FA4D938225DED85F009F1127 /* SceneDelegate.swift */,
			);
			path = Support;
			sourceTree = "<group>";
		};
		FA4D939325DED96E009F1127 /* ViewControllers */ = {
			isa = PBXGroup;
			children = (
				FA4D939425DED96E009F1127 /* HomeViewController.swift */,
				FA4D939525DED96E009F1127 /* EditorViewController.swift */,
				FA3CD58725FBD85B00A3AF25 /* RVAlertViewController.swift */,
			);
			path = ViewControllers;
			sourceTree = "<group>";
		};
/* End PBXGroup section */

/* Begin PBXNativeTarget section */
		FA39B54F25D17CF900DB7D54 /* ReverseVideo */ = {
			isa = PBXNativeTarget;
			buildConfigurationList = FA39B56425D17CFD00DB7D54 /* Build configuration list for PBXNativeTarget "ReverseVideo" */;
			buildPhases = (
				D10D4CFD25B6BC711830222E /* [CP] Check Pods Manifest.lock */,
				FA39B54C25D17CF900DB7D54 /* Sources */,
				FA39B54D25D17CF900DB7D54 /* Frameworks */,
				FA39B54E25D17CF900DB7D54 /* Resources */,
				644E534F10E148D55BE401B5 /* [CP] Embed Pods Frameworks */,
			);
			buildRules = (
			);
			dependencies = (
			);
			name = ReverseVideo;
			productName = ReverseVideo;
			productReference = FA39B55025D17CF900DB7D54 /* ReverseVideo.app */;
			productType = "com.apple.product-type.application";
		};
/* End PBXNativeTarget section */

/* Begin PBXProject section */
		FA39B54825D17CF900DB7D54 /* Project object */ = {
			isa = PBXProject;
			attributes = {
				LastSwiftUpdateCheck = 1230;
				LastUpgradeCheck = 1230;
				TargetAttributes = {
					FA39B54F25D17CF900DB7D54 = {
						CreatedOnToolsVersion = 12.3;
					};
				};
			};
			buildConfigurationList = FA39B54B25D17CF900DB7D54 /* Build configuration list for PBXProject "ReverseVideo" */;
			compatibilityVersion = "Xcode 9.3";
			developmentRegion = en;
			hasScannedForEncodings = 0;
			knownRegions = (
				en,
				Base,
			);
			mainGroup = FA39B54725D17CF900DB7D54;
			productRefGroup = FA39B55125D17CF900DB7D54 /* Products */;
			projectDirPath = "";
			projectRoot = "";
			targets = (
				FA39B54F25D17CF900DB7D54 /* ReverseVideo */,
			);
		};
/* End PBXProject section */

/* Begin PBXResourcesBuildPhase section */
		FA39B54E25D17CF900DB7D54 /* Resources */ = {
			isa = PBXResourcesBuildPhase;
			buildActionMask = 2147483647;
			files = (
				FA6257C2260E37E100BC4B31 /* LaunchScreen.storyboard in Resources */,
				FA03671D25DED3F70073704D /* speedCollectionViewCell.xib in Resources */,
				FA29E8B62619A2AC001253F3 /* GoogleService-Info.plist in Resources */,
				FA4D938325DED85F009F1127 /* Assets.xcassets in Resources */,
				FA03670025DED2DE0073704D /* Main.storyboard in Resources */,
			);
			runOnlyForDeploymentPostprocessing = 0;
		};
/* End PBXResourcesBuildPhase section */

/* Begin PBXShellScriptBuildPhase section */
		644E534F10E148D55BE401B5 /* [CP] Embed Pods Frameworks */ = {
			isa = PBXShellScriptBuildPhase;
			buildActionMask = 2147483647;
			files = (
			);
			inputFileListPaths = (
				"${PODS_ROOT}/Target Support Files/Pods-ReverseVideo/Pods-ReverseVideo-frameworks-${CONFIGURATION}-input-files.xcfilelist",
			);
			name = "[CP] Embed Pods Frameworks";
			outputFileListPaths = (
				"${PODS_ROOT}/Target Support Files/Pods-ReverseVideo/Pods-ReverseVideo-frameworks-${CONFIGURATION}-output-files.xcfilelist",
			);
			runOnlyForDeploymentPostprocessing = 0;
			shellPath = /bin/sh;
			shellScript = "\"${PODS_ROOT}/Target Support Files/Pods-ReverseVideo/Pods-ReverseVideo-frameworks.sh\"\n";
			showEnvVarsInLog = 0;
		};
		D10D4CFD25B6BC711830222E /* [CP] Check Pods Manifest.lock */ = {
			isa = PBXShellScriptBuildPhase;
			buildActionMask = 2147483647;
			files = (
			);
			inputFileListPaths = (
			);
			inputPaths = (
				"${PODS_PODFILE_DIR_PATH}/Podfile.lock",
				"${PODS_ROOT}/Manifest.lock",
			);
			name = "[CP] Check Pods Manifest.lock";
			outputFileListPaths = (
			);
			outputPaths = (
				"$(DERIVED_FILE_DIR)/Pods-ReverseVideo-checkManifestLockResult.txt",
			);
			runOnlyForDeploymentPostprocessing = 0;
			shellPath = /bin/sh;
			shellScript = "diff \"${PODS_PODFILE_DIR_PATH}/Podfile.lock\" \"${PODS_ROOT}/Manifest.lock\" > /dev/null\nif [ $? != 0 ] ; then\n    # print error to STDERR\n    echo \"error: The sandbox is not in sync with the Podfile.lock. Run 'pod install' or update your CocoaPods installation.\" >&2\n    exit 1\nfi\n# This output is used by Xcode 'outputs' to avoid re-running this script phase.\necho \"SUCCESS\" > \"${SCRIPT_OUTPUT_FILE_0}\"\n";
			showEnvVarsInLog = 0;
		};
/* End PBXShellScriptBuildPhase section */

/* Begin PBXSourcesBuildPhase section */
		FA39B54C25D17CF900DB7D54 /* Sources */ = {
			isa = PBXSourcesBuildPhase;
			buildActionMask = 2147483647;
			files = (
				FA3CD57425F8E0E900A3AF25 /* CircularButton.swift in Sources */,
				FA3CD58825FBD85B00A3AF25 /* RVAlertViewController.swift in Sources */,
				FA03671825DED3F20073704D /* ButtonView.swift in Sources */,
				FA03673425DED4E30073704D /* UIViewController+Ext.swift in Sources */,
				FA03672A25DED4D90073704D /* VideoGeneratorError.swift in Sources */,
				FA4D939625DED96E009F1127 /* HomeViewController.swift in Sources */,
				FA03671E25DED3F70073704D /* speedCollectionViewCell.swift in Sources */,
				FA2F87262602333F0006458C /* RVConstants.swift in Sources */,
				FA4D938625DED85F009F1127 /* SceneDelegate.swift in Sources */,
				FA03673325DED4E30073704D /* UIColor+Ext.swift in Sources */,
				FA4D938525DED85F009F1127 /* AppDelegate.swift in Sources */,
				FA03673225DED4E30073704D /* UIImage+Ext.swift in Sources */,
				FA03673525DED4E30073704D /* UIView+Ext.swift in Sources */,
				FA03672925DED4D90073704D /* VideoGenerator.swift in Sources */,
				FA4D939725DED96E009F1127 /* EditorViewController.swift in Sources */,
				FA3CD58C25FCEF6F00A3AF25 /* ActivityIndicatorManager.swift in Sources */,
				FA03671725DED3F20073704D /* CustomPickerView.swift in Sources */,
			);
			runOnlyForDeploymentPostprocessing = 0;
		};
/* End PBXSourcesBuildPhase section */

/* Begin PBXVariantGroup section */
		FA39B55925D17CF900DB7D54 /* Main.storyboard */ = {
			isa = PBXVariantGroup;
			children = (
				FA39B55A25D17CF900DB7D54 /* Base */,
			);
			name = Main.storyboard;
			sourceTree = "<group>";
		};
		FA4D937F25DED85F009F1127 /* LaunchScreen.storyboard */ = {
			isa = PBXVariantGroup;
			children = (
				FA4D938025DED85F009F1127 /* Base */,
			);
			name = LaunchScreen.storyboard;
			sourceTree = "<group>";
		};
/* End PBXVariantGroup section */

/* Begin XCBuildConfiguration section */
		FA39B56225D17CFD00DB7D54 /* Debug */ = {
			isa = XCBuildConfiguration;
			buildSettings = {
				ALWAYS_SEARCH_USER_PATHS = NO;
				CLANG_ANALYZER_NONNULL = YES;
				CLANG_ANALYZER_NUMBER_OBJECT_CONVERSION = YES_AGGRESSIVE;
				CLANG_CXX_LANGUAGE_STANDARD = "gnu++14";
				CLANG_CXX_LIBRARY = "libc++";
				CLANG_ENABLE_MODULES = YES;
				CLANG_ENABLE_OBJC_ARC = YES;
				CLANG_ENABLE_OBJC_WEAK = YES;
				CLANG_WARN_BLOCK_CAPTURE_AUTORELEASING = YES;
				CLANG_WARN_BOOL_CONVERSION = YES;
				CLANG_WARN_COMMA = YES;
				CLANG_WARN_CONSTANT_CONVERSION = YES;
				CLANG_WARN_DEPRECATED_OBJC_IMPLEMENTATIONS = YES;
				CLANG_WARN_DIRECT_OBJC_ISA_USAGE = YES_ERROR;
				CLANG_WARN_DOCUMENTATION_COMMENTS = YES;
				CLANG_WARN_EMPTY_BODY = YES;
				CLANG_WARN_ENUM_CONVERSION = YES;
				CLANG_WARN_INFINITE_RECURSION = YES;
				CLANG_WARN_INT_CONVERSION = YES;
				CLANG_WARN_NON_LITERAL_NULL_CONVERSION = YES;
				CLANG_WARN_OBJC_IMPLICIT_RETAIN_SELF = YES;
				CLANG_WARN_OBJC_LITERAL_CONVERSION = YES;
				CLANG_WARN_OBJC_ROOT_CLASS = YES_ERROR;
				CLANG_WARN_QUOTED_INCLUDE_IN_FRAMEWORK_HEADER = YES;
				CLANG_WARN_RANGE_LOOP_ANALYSIS = YES;
				CLANG_WARN_STRICT_PROTOTYPES = YES;
				CLANG_WARN_SUSPICIOUS_MOVE = YES;
				CLANG_WARN_UNGUARDED_AVAILABILITY = YES_AGGRESSIVE;
				CLANG_WARN_UNREACHABLE_CODE = YES;
				CLANG_WARN__DUPLICATE_METHOD_MATCH = YES;
				COPY_PHASE_STRIP = NO;
				DEBUG_INFORMATION_FORMAT = dwarf;
				ENABLE_STRICT_OBJC_MSGSEND = YES;
				ENABLE_TESTABILITY = YES;
				GCC_C_LANGUAGE_STANDARD = gnu11;
				GCC_DYNAMIC_NO_PIC = NO;
				GCC_NO_COMMON_BLOCKS = YES;
				GCC_OPTIMIZATION_LEVEL = 0;
				GCC_PREPROCESSOR_DEFINITIONS = (
					"DEBUG=1",
					"$(inherited)",
				);
				GCC_WARN_64_TO_32_BIT_CONVERSION = YES;
				GCC_WARN_ABOUT_RETURN_TYPE = YES_ERROR;
				GCC_WARN_UNDECLARED_SELECTOR = YES;
				GCC_WARN_UNINITIALIZED_AUTOS = YES_AGGRESSIVE;
				GCC_WARN_UNUSED_FUNCTION = YES;
				GCC_WARN_UNUSED_VARIABLE = YES;
				IPHONEOS_DEPLOYMENT_TARGET = 14.3;
				MTL_ENABLE_DEBUG_INFO = INCLUDE_SOURCE;
				MTL_FAST_MATH = YES;
				ONLY_ACTIVE_ARCH = YES;
				SDKROOT = iphoneos;
				SWIFT_ACTIVE_COMPILATION_CONDITIONS = DEBUG;
				SWIFT_OPTIMIZATION_LEVEL = "-Onone";
			};
			name = Debug;
		};
		FA39B56325D17CFD00DB7D54 /* Release */ = {
			isa = XCBuildConfiguration;
			buildSettings = {
				ALWAYS_SEARCH_USER_PATHS = NO;
				CLANG_ANALYZER_NONNULL = YES;
				CLANG_ANALYZER_NUMBER_OBJECT_CONVERSION = YES_AGGRESSIVE;
				CLANG_CXX_LANGUAGE_STANDARD = "gnu++14";
				CLANG_CXX_LIBRARY = "libc++";
				CLANG_ENABLE_MODULES = YES;
				CLANG_ENABLE_OBJC_ARC = YES;
				CLANG_ENABLE_OBJC_WEAK = YES;
				CLANG_WARN_BLOCK_CAPTURE_AUTORELEASING = YES;
				CLANG_WARN_BOOL_CONVERSION = YES;
				CLANG_WARN_COMMA = YES;
				CLANG_WARN_CONSTANT_CONVERSION = YES;
				CLANG_WARN_DEPRECATED_OBJC_IMPLEMENTATIONS = YES;
				CLANG_WARN_DIRECT_OBJC_ISA_USAGE = YES_ERROR;
				CLANG_WARN_DOCUMENTATION_COMMENTS = YES;
				CLANG_WARN_EMPTY_BODY = YES;
				CLANG_WARN_ENUM_CONVERSION = YES;
				CLANG_WARN_INFINITE_RECURSION = YES;
				CLANG_WARN_INT_CONVERSION = YES;
				CLANG_WARN_NON_LITERAL_NULL_CONVERSION = YES;
				CLANG_WARN_OBJC_IMPLICIT_RETAIN_SELF = YES;
				CLANG_WARN_OBJC_LITERAL_CONVERSION = YES;
				CLANG_WARN_OBJC_ROOT_CLASS = YES_ERROR;
				CLANG_WARN_QUOTED_INCLUDE_IN_FRAMEWORK_HEADER = YES;
				CLANG_WARN_RANGE_LOOP_ANALYSIS = YES;
				CLANG_WARN_STRICT_PROTOTYPES = YES;
				CLANG_WARN_SUSPICIOUS_MOVE = YES;
				CLANG_WARN_UNGUARDED_AVAILABILITY = YES_AGGRESSIVE;
				CLANG_WARN_UNREACHABLE_CODE = YES;
				CLANG_WARN__DUPLICATE_METHOD_MATCH = YES;
				COPY_PHASE_STRIP = NO;
				DEBUG_INFORMATION_FORMAT = "dwarf-with-dsym";
				ENABLE_NS_ASSERTIONS = NO;
				ENABLE_STRICT_OBJC_MSGSEND = YES;
				GCC_C_LANGUAGE_STANDARD = gnu11;
				GCC_NO_COMMON_BLOCKS = YES;
				GCC_WARN_64_TO_32_BIT_CONVERSION = YES;
				GCC_WARN_ABOUT_RETURN_TYPE = YES_ERROR;
				GCC_WARN_UNDECLARED_SELECTOR = YES;
				GCC_WARN_UNINITIALIZED_AUTOS = YES_AGGRESSIVE;
				GCC_WARN_UNUSED_FUNCTION = YES;
				GCC_WARN_UNUSED_VARIABLE = YES;
				IPHONEOS_DEPLOYMENT_TARGET = 14.3;
				MTL_ENABLE_DEBUG_INFO = NO;
				MTL_FAST_MATH = YES;
				SDKROOT = iphoneos;
				SWIFT_COMPILATION_MODE = wholemodule;
				SWIFT_OPTIMIZATION_LEVEL = "-O";
				VALIDATE_PRODUCT = YES;
			};
			name = Release;
		};
		FA39B56525D17CFD00DB7D54 /* Debug */ = {
			isa = XCBuildConfiguration;
			baseConfigurationReference = E69DD3AD646F6268AF21110F /* Pods-ReverseVideo.debug.xcconfig */;
			buildSettings = {
				ASSETCATALOG_COMPILER_APPICON_NAME = AppIcon;
				ASSETCATALOG_COMPILER_GLOBAL_ACCENT_COLOR_NAME = AccentColor;
				CODE_SIGN_STYLE = Automatic;
				CURRENT_PROJECT_VERSION = 4;
				DEVELOPMENT_TEAM = H5K3P8XL9A;
				INFOPLIST_FILE = ReverseVideo/Info.plist;
				IPHONEOS_DEPLOYMENT_TARGET = 13.0;
				LD_RUNPATH_SEARCH_PATHS = (
					"$(inherited)",
					"@executable_path/Frameworks",
				);
				OTHER_LDFLAGS = (
					"$(inherited)",
					"-l\"c++\"",
					"-ObjC",
					"-l\"sqlite3\"",
					"-l\"z\"",
					"-framework",
					"\"AVFoundation\"",
					"-framework",
					"\"AudioToolbox\"",
					"-framework",
					"\"CFNetwork\"",
					"-framework",
					"\"CoreGraphics\"",
					"-framework",
					"\"CoreMedia\"",
					"-framework",
					"\"CoreTelephony\"",
					"-framework",
					"\"CoreVideo\"",
					"-framework",
					"\"FBLPromises\"",
					"-framework",
					"\"GoogleAppMeasurement\"",
					"-framework",
					"\"GoogleMobileAds\"",
					"-framework",
					"\"GoogleUtilities\"",
					"-framework",
					"\"MediaPlayer\"",
					"-framework",
					"\"MessageUI\"",
					"-framework",
					"\"MobileCoreServices\"",
					"-framework",
					"\"NVActivityIndicatorView\"",
					"-framework",
					"\"QuartzCore\"",
					"-framework",
					"\"Security\"",
					"-framework",
					"\"StoreKit\"",
					"-framework",
					"\"SystemConfiguration\"",
					"-framework",
					"\"UIKit\"",
					"-framework",
					"\"UserMessagingPlatform\"",
					"-framework",
					"\"WebKit\"",
					"-framework",
					"\"nanopb\"",
					"-weak_framework",
					"\"AdSupport\"",
					"-weak_framework",
					"\"JavaScriptCore\"",
					"-weak_framework",
					"\"SafariServices\"",
					"-weak_framework",
					"\"WebKit\"",
				);
				PRODUCT_BUNDLE_IDENTIFIER = com.TheSheheryarAhmed.ReverseVideoApp;
				PRODUCT_NAME = "$(TARGET_NAME)";
				SWIFT_VERSION = 5.0;
				TARGETED_DEVICE_FAMILY = 1;
			};
			name = Debug;
		};
		FA39B56625D17CFD00DB7D54 /* Release */ = {
			isa = XCBuildConfiguration;
			baseConfigurationReference = 24600ECFDF8AB72BD1FC95D0 /* Pods-ReverseVideo.release.xcconfig */;
			buildSettings = {
				ASSETCATALOG_COMPILER_APPICON_NAME = AppIcon;
				ASSETCATALOG_COMPILER_GLOBAL_ACCENT_COLOR_NAME = AccentColor;
				CODE_SIGN_STYLE = Automatic;
				CURRENT_PROJECT_VERSION = 4;
				DEVELOPMENT_TEAM = H5K3P8XL9A;
				INFOPLIST_FILE = ReverseVideo/Info.plist;
				IPHONEOS_DEPLOYMENT_TARGET = 13.0;
				LD_RUNPATH_SEARCH_PATHS = (
					"$(inherited)",
					"@executable_path/Frameworks",
				);
				OTHER_LDFLAGS = (
					"$(inherited)",
					"-l\"c++\"",
					"-ObjC",
					"-l\"sqlite3\"",
					"-l\"z\"",
					"-framework",
					"\"AVFoundation\"",
					"-framework",
					"\"AudioToolbox\"",
					"-framework",
					"\"CFNetwork\"",
					"-framework",
					"\"CoreGraphics\"",
					"-framework",
					"\"CoreMedia\"",
					"-framework",
					"\"CoreTelephony\"",
					"-framework",
					"\"CoreVideo\"",
					"-framework",
					"\"FBLPromises\"",
					"-framework",
					"\"GoogleAppMeasurement\"",
					"-framework",
					"\"GoogleMobileAds\"",
					"-framework",
					"\"GoogleUtilities\"",
					"-framework",
					"\"MediaPlayer\"",
					"-framework",
					"\"MessageUI\"",
					"-framework",
					"\"MobileCoreServices\"",
					"-framework",
					"\"NVActivityIndicatorView\"",
					"-framework",
					"\"QuartzCore\"",
					"-framework",
					"\"Security\"",
					"-framework",
					"\"StoreKit\"",
					"-framework",
					"\"SystemConfiguration\"",
					"-framework",
					"\"UIKit\"",
					"-framework",
					"\"UserMessagingPlatform\"",
					"-framework",
					"\"WebKit\"",
					"-framework",
					"\"nanopb\"",
					"-weak_framework",
					"\"AdSupport\"",
					"-weak_framework",
					"\"JavaScriptCore\"",
					"-weak_framework",
					"\"SafariServices\"",
					"-weak_framework",
					"\"WebKit\"",
				);
				PRODUCT_BUNDLE_IDENTIFIER = com.TheSheheryarAhmed.ReverseVideoApp;
				PRODUCT_NAME = "$(TARGET_NAME)";
				SWIFT_VERSION = 5.0;
				TARGETED_DEVICE_FAMILY = 1;
			};
			name = Release;
		};
/* End XCBuildConfiguration section */

/* Begin XCConfigurationList section */
		FA39B54B25D17CF900DB7D54 /* Build configuration list for PBXProject "ReverseVideo" */ = {
			isa = XCConfigurationList;
			buildConfigurations = (
				FA39B56225D17CFD00DB7D54 /* Debug */,
				FA39B56325D17CFD00DB7D54 /* Release */,
			);
			defaultConfigurationIsVisible = 0;
			defaultConfigurationName = Release;
		};
		FA39B56425D17CFD00DB7D54 /* Build configuration list for PBXNativeTarget "ReverseVideo" */ = {
			isa = XCConfigurationList;
			buildConfigurations = (
				FA39B56525D17CFD00DB7D54 /* Debug */,
				FA39B56625D17CFD00DB7D54 /* Release */,
			);
			defaultConfigurationIsVisible = 0;
			defaultConfigurationName = Release;
		};
/* End XCConfigurationList section */
	};
	rootObject = FA39B54825D17CF900DB7D54 /* Project object */;
}
